
Microsoft Visual Studio Solution File, Format Version 12.00
# Visual Studio 2012
Project("{FAE04EC0-301F-11D3-BF4B-00C04F79EFBC}") = "DMS.Web", "DMS.Web\DMS.Web.csproj", "{8F2B5A12-2DD6-4113-970B-2750B0882519}"
EndProject
Project("{FAE04EC0-301F-11D3-BF4B-00C04F79EFBC}") = "DMS.Common", "DMS.Common\DMS.Common.csproj", "{DFE7D29F-868C-430E-A14B-D5CCFADB0A75}"
EndProject
Project("{FAE04EC0-301F-11D3-BF4B-00C04F79EFBC}") = "DMS.Controllers", "DMS.Controllers\DMS.Controllers.csproj", "{4D8BEB93-5F10-4E7F-977C-5AC553C6C3B4}"
EndProject
Project("{FAE04EC0-301F-11D3-BF4B-00C04F79EFBC}") = "External-Bin", "External-Bin\External-Bin.csproj", "{851C3629-B6E8-41FE-9F7B-D609CAB71C6F}"
EndProject
Global
	GlobalSection(SolutionConfigurationPlatforms) = preSolution
		Debug|Any CPU = Debug|Any CPU
		Release|Any CPU = Release|Any CPU
	EndGlobalSection
	GlobalSection(ProjectConfigurationPlatforms) = postSolution
		{8F2B5A12-2DD6-4113-970B-2750B0882519}.Debug|Any CPU.ActiveCfg = Debug|Any CPU
		{8F2B5A12-2DD6-4113-970B-2750B0882519}.Debug|Any CPU.Build.0 = Debug|Any CPU
		{8F2B5A12-2DD6-4113-970B-2750B0882519}.Release|Any CPU.ActiveCfg = Release|Any CPU
		{8F2B5A12-2DD6-4113-970B-2750B0882519}.Release|Any CPU.Build.0 = Release|Any CPU
		{DFE7D29F-868C-430E-A14B-D5CCFADB0A75}.Debug|Any CPU.ActiveCfg = Debug|Any CPU
		{DFE7D29F-868C-430E-A14B-D5CCFADB0A75}.Debug|Any CPU.Build.0 = Debug|Any CPU
		{DFE7D29F-868C-430E-A14B-D5CCFADB0A75}.Release|Any CPU.ActiveCfg = Release|Any CPU
		{DFE7D29F-868C-430E-A14B-D5CCFADB0A75}.Release|Any CPU.Build.0 = Release|Any CPU
		{4D8BEB93-5F10-4E7F-977C-5AC553C6C3B4}.Debug|Any CPU.ActiveCfg = Debug|Any CPU
		{4D8BEB93-5F10-4E7F-977C-5AC553C6C3B4}.Debug|Any CPU.Build.0 = Debug|Any CPU
		{4D8BEB93-5F10-4E7F-977C-5AC553C6C3B4}.Release|Any CPU.ActiveCfg = Release|Any CPU
		{4D8BEB93-5F10-4E7F-977C-5AC553C6C3B4}.Release|Any CPU.Build.0 = Release|Any CPU
		{851C3629-B6E8-41FE-9F7B-D609CAB71C6F}.Debug|Any CPU.ActiveCfg = Debug|Any CPU
		{851C3629-B6E8-41FE-9F7B-D609CAB71C6F}.Debug|Any CPU.Build.0 = Debug|Any CPU
		{851C3629-B6E8-41FE-9F7B-D609CAB71C6F}.Release|Any CPU.ActiveCfg = Release|Any CPU
		{851C3629-B6E8-41FE-9F7B-D609CAB71C6F}.Release|Any CPU.Build.0 = Release|Any CPU
	EndGlobalSection
	GlobalSection(SolutionProperties) = preSolution
		HideSolutionNode = FALSE
	EndGlobalSection
EndGlobal
