
Microsoft Visual Studio Solution File, Format Version 12.00
# Visual Studio 2012
Project("{FAE04EC0-301F-11D3-BF4B-00C04F79EFBC}") = "DMS.Web", "DMS.Web\DMS.Web.csproj", "{8F2B5A12-2DD6-4113-970B-2750B0882519}"
EndProject
Project("{FAE04EC0-301F-11D3-BF4B-00C04F79EFBC}") = "DMS.Common", "DMS.Common\DMS.Common.csproj", "{DFE7D29F-868C-430E-A14B-D5CCFADB0A75}"
EndProject
Project("{FAE04EC0-301F-11D3-BF4B-00C04F79EFBC}") = "DMS.Controllers", "DMS.Controllers\DMS.Controllers.csproj", "{4D8BEB93-5F10-4E7F-977C-5AC553C6C3B4}"
EndProject
Project("{FAE04EC0-301F-11D3-BF4B-00C04F79EFBC}") = "External-Bin", "External-Bin\External-Bin.csproj", "{851C3629-B6E8-41FE-9F7B-D609CAB71C6F}"
EndProject
Project("{FAE04EC0-301F-11D3-BF4B-00C04F79EFBC}") = "DMS.IBLL", "DMS.IBLL\DMS.IBLL.csproj", "{240C4CE7-A2A2-4D29-A358-907E4FCEE32C}"
EndProject
Project("{FAE04EC0-301F-11D3-BF4B-00C04F79EFBC}") = "DMS.BLL", "DMS.BLL\DMS.BLL.csproj", "{A42C81BB-698D-4247-94AF-D30B7C2B5925}"
EndProject
Project("{FAE04EC0-301F-11D3-BF4B-00C04F79EFBC}") = "DMS.IDAL", "DMS.IDAL\DMS.IDAL.csproj", "{2FBFFA70-0C01-4CFF-8AC1-84C74CCF1B9A}"
EndProject
Project("{FAE04EC0-301F-11D3-BF4B-00C04F79EFBC}") = "DMS.DAL", "DMS.DAL\DMS.DAL.csproj", "{AA5A60F4-31F9-41BF-95B1-719E488E1929}"
EndProject
Project("{FAE04EC0-301F-11D3-BF4B-00C04F79EFBC}") = "DMS.Core", "DMS.Core\DMS.Core.csproj", "{0EB517FC-8736-4567-8911-49A5DB97DA63}"
EndProject
Global
	GlobalSection(SolutionConfigurationPlatforms) = preSolution
		Debug|Any CPU = Debug|Any CPU
		Release|Any CPU = Release|Any CPU
	EndGlobalSection
	GlobalSection(ProjectConfigurationPlatforms) = postSolution
		{8F2B5A12-2DD6-4113-970B-2750B0882519}.Debug|Any CPU.ActiveCfg = Debug|Any CPU
		{8F2B5A12-2DD6-4113-970B-2750B0882519}.Debug|Any CPU.Build.0 = Debug|Any CPU
		{8F2B5A12-2DD6-4113-970B-2750B0882519}.Release|Any CPU.ActiveCfg = Release|Any CPU
		{8F2B5A12-2DD6-4113-970B-2750B0882519}.Release|Any CPU.Build.0 = Release|Any CPU
		{DFE7D29F-868C-430E-A14B-D5CCFADB0A75}.Debug|Any CPU.ActiveCfg = Debug|Any CPU
		{DFE7D29F-868C-430E-A14B-D5CCFADB0A75}.Debug|Any CPU.Build.0 = Debug|Any CPU
		{DFE7D29F-868C-430E-A14B-D5CCFADB0A75}.Release|Any CPU.ActiveCfg = Release|Any CPU
		{DFE7D29F-868C-430E-A14B-D5CCFADB0A75}.Release|Any CPU.Build.0 = Release|Any CPU
		{4D8BEB93-5F10-4E7F-977C-5AC553C6C3B4}.Debug|Any CPU.ActiveCfg = Debug|Any CPU
		{4D8BEB93-5F10-4E7F-977C-5AC553C6C3B4}.Debug|Any CPU.Build.0 = Debug|Any CPU
		{4D8BEB93-5F10-4E7F-977C-5AC553C6C3B4}.Release|Any CPU.ActiveCfg = Release|Any CPU
		{4D8BEB93-5F10-4E7F-977C-5AC553C6C3B4}.Release|Any CPU.Build.0 = Release|Any CPU
		{851C3629-B6E8-41FE-9F7B-D609CAB71C6F}.Debug|Any CPU.ActiveCfg = Debug|Any CPU
		{851C3629-B6E8-41FE-9F7B-D609CAB71C6F}.Debug|Any CPU.Build.0 = Debug|Any CPU
		{851C3629-B6E8-41FE-9F7B-D609CAB71C6F}.Release|Any CPU.ActiveCfg = Release|Any CPU
		{851C3629-B6E8-41FE-9F7B-D609CAB71C6F}.Release|Any CPU.Build.0 = Release|Any CPU
		{240C4CE7-A2A2-4D29-A358-907E4FCEE32C}.Debug|Any CPU.ActiveCfg = Debug|Any CPU
		{240C4CE7-A2A2-4D29-A358-907E4FCEE32C}.Debug|Any CPU.Build.0 = Debug|Any CPU
		{240C4CE7-A2A2-4D29-A358-907E4FCEE32C}.Release|Any CPU.ActiveCfg = Release|Any CPU
		{240C4CE7-A2A2-4D29-A358-907E4FCEE32C}.Release|Any CPU.Build.0 = Release|Any CPU
		{A42C81BB-698D-4247-94AF-D30B7C2B5925}.Debug|Any CPU.ActiveCfg = Debug|Any CPU
		{A42C81BB-698D-4247-94AF-D30B7C2B5925}.Debug|Any CPU.Build.0 = Debug|Any CPU
		{A42C81BB-698D-4247-94AF-D30B7C2B5925}.Release|Any CPU.ActiveCfg = Release|Any CPU
		{A42C81BB-698D-4247-94AF-D30B7C2B5925}.Release|Any CPU.Build.0 = Release|Any CPU
		{2FBFFA70-0C01-4CFF-8AC1-84C74CCF1B9A}.Debug|Any CPU.ActiveCfg = Debug|Any CPU
		{2FBFFA70-0C01-4CFF-8AC1-84C74CCF1B9A}.Debug|Any CPU.Build.0 = Debug|Any CPU
		{2FBFFA70-0C01-4CFF-8AC1-84C74CCF1B9A}.Release|Any CPU.ActiveCfg = Release|Any CPU
		{2FBFFA70-0C01-4CFF-8AC1-84C74CCF1B9A}.Release|Any CPU.Build.0 = Release|Any CPU
		{AA5A60F4-31F9-41BF-95B1-719E488E1929}.Debug|Any CPU.ActiveCfg = Debug|Any CPU
		{AA5A60F4-31F9-41BF-95B1-719E488E1929}.Debug|Any CPU.Build.0 = Debug|Any CPU
		{AA5A60F4-31F9-41BF-95B1-719E488E1929}.Release|Any CPU.ActiveCfg = Release|Any CPU
		{AA5A60F4-31F9-41BF-95B1-719E488E1929}.Release|Any CPU.Build.0 = Release|Any CPU
		{0EB517FC-8736-4567-8911-49A5DB97DA63}.Debug|Any CPU.ActiveCfg = Debug|Any CPU
		{0EB517FC-8736-4567-8911-49A5DB97DA63}.Debug|Any CPU.Build.0 = Debug|Any CPU
		{0EB517FC-8736-4567-8911-49A5DB97DA63}.Release|Any CPU.ActiveCfg = Release|Any CPU
		{0EB517FC-8736-4567-8911-49A5DB97DA63}.Release|Any CPU.Build.0 = Release|Any CPU
	EndGlobalSection
	GlobalSection(SolutionProperties) = preSolution
		HideSolutionNode = FALSE
	EndGlobalSection
EndGlobal
